// !$*UTF8*$!
{
	archiveVersion = 1;
	classes = {
	};
	objectVersion = 46;
	objects = {

/* Begin PBXBuildFile section */
		53111DC31C7E6DAE00F59B8E /* SpotDatum.swift in Sources */ = {isa = PBXBuildFile; fileRef = 53111DC21C7E6DAE00F59B8E /* SpotDatum.swift */; };
		5340941F1C7F0521005329D4 /* GotOnButton.swift in Sources */ = {isa = PBXBuildFile; fileRef = 5340941E1C7F0521005329D4 /* GotOnButton.swift */; };
		53596DF31C7F99BD006FF8D2 /* BusStops.swift in Sources */ = {isa = PBXBuildFile; fileRef = 53596DF21C7F99BD006FF8D2 /* BusStops.swift */; };
		53596DF51C7FBE92006FF8D2 /* BusStopAnnotationView.swift in Sources */ = {isa = PBXBuildFile; fileRef = 53596DF41C7FBE91006FF8D2 /* BusStopAnnotationView.swift */; };
		53596E011C7FF57D006FF8D2 /* Polyline.swift in Sources */ = {isa = PBXBuildFile; fileRef = 53596E001C7FF57D006FF8D2 /* Polyline.swift */; };
		536619981C6C4C53003E1FD4 /* AppDelegate.swift in Sources */ = {isa = PBXBuildFile; fileRef = 536619971C6C4C53003E1FD4 /* AppDelegate.swift */; };
		5366199A1C6C4C53003E1FD4 /* ViewController.swift in Sources */ = {isa = PBXBuildFile; fileRef = 536619991C6C4C53003E1FD4 /* ViewController.swift */; };
		5366199D1C6C4C53003E1FD4 /* Main.storyboard in Resources */ = {isa = PBXBuildFile; fileRef = 5366199B1C6C4C53003E1FD4 /* Main.storyboard */; };
		5366199F1C6C4C53003E1FD4 /* Assets.xcassets in Resources */ = {isa = PBXBuildFile; fileRef = 5366199E1C6C4C53003E1FD4 /* Assets.xcassets */; };
		536619A21C6C4C53003E1FD4 /* LaunchScreen.storyboard in Resources */ = {isa = PBXBuildFile; fileRef = 536619A01C6C4C53003E1FD4 /* LaunchScreen.storyboard */; };
		536619AE1C6C4E3A003E1FD4 /* MapViewController.swift in Sources */ = {isa = PBXBuildFile; fileRef = 536619AD1C6C4E3A003E1FD4 /* MapViewController.swift */; };
		53A5E5811C7D286400570D8B /* UTBussesStyles.swift in Sources */ = {isa = PBXBuildFile; fileRef = 53A5E5801C7D286400570D8B /* UTBussesStyles.swift */; };
		53A5E5841C7D3DE000570D8B /* Firebase.framework in Frameworks */ = {isa = PBXBuildFile; fileRef = 53A5E5831C7D3DE000570D8B /* Firebase.framework */; };
		53A5E5861C7D3E5300570D8B /* libc++.tbd in Frameworks */ = {isa = PBXBuildFile; fileRef = 53A5E5851C7D3E5300570D8B /* libc++.tbd */; };
		53A5E5881C7D3E6900570D8B /* libicucore.tbd in Frameworks */ = {isa = PBXBuildFile; fileRef = 53A5E5871C7D3E6900570D8B /* libicucore.tbd */; };
		53A5E58A1C7D3E7300570D8B /* CFNetwork.framework in Frameworks */ = {isa = PBXBuildFile; fileRef = 53A5E5891C7D3E7300570D8B /* CFNetwork.framework */; };
		53A5E58C1C7D3E7F00570D8B /* Security.framework in Frameworks */ = {isa = PBXBuildFile; fileRef = 53A5E58B1C7D3E7F00570D8B /* Security.framework */; };
		53A5E58E1C7D3E8700570D8B /* SystemConfiguration.framework in Frameworks */ = {isa = PBXBuildFile; fileRef = 53A5E58D1C7D3E8700570D8B /* SystemConfiguration.framework */; };
		53A5E5901C7D3F4500570D8B /* CoreLocation.framework in Frameworks */ = {isa = PBXBuildFile; fileRef = 53A5E58F1C7D3F4500570D8B /* CoreLocation.framework */; };
		53A5E5941C7D425D00570D8B /* GeoFire.framework in Frameworks */ = {isa = PBXBuildFile; fileRef = 53A5E5931C7D425D00570D8B /* GeoFire.framework */; };
		53A5E5971C7D431B00570D8B /* BridgingHeader.h in Sources */ = {isa = PBXBuildFile; fileRef = 53A5E5961C7D42E200570D8B /* BridgingHeader.h */; };
		53B7C6DA1C82DF9600F33A73 /* CWStatusBarNotification.swift in Sources */ = {isa = PBXBuildFile; fileRef = 53B7C6D81C82DF9600F33A73 /* CWStatusBarNotification.swift */; };
		53B7C6DB1C82DF9600F33A73 /* CWStatusBarNotificationUtils.swift in Sources */ = {isa = PBXBuildFile; fileRef = 53B7C6D91C82DF9600F33A73 /* CWStatusBarNotificationUtils.swift */; };
		53B7C6DF1C82F23000F33A73 /* CircleProgressView.swift in Sources */ = {isa = PBXBuildFile; fileRef = 53B7C6DE1C82F23000F33A73 /* CircleProgressView.swift */; };
		53E2A42A1C6E057D000A75B1 /* SpotAnnotation.swift in Sources */ = {isa = PBXBuildFile; fileRef = 53E2A4291C6E057D000A75B1 /* SpotAnnotation.swift */; };
		53E2A42C1C6E06C9000A75B1 /* SpotAnnotationView.swift in Sources */ = {isa = PBXBuildFile; fileRef = 53E2A42B1C6E06C9000A75B1 /* SpotAnnotationView.swift */; };
/* End PBXBuildFile section */

/* Begin PBXFileReference section */
		53111DC21C7E6DAE00F59B8E /* SpotDatum.swift */ = {isa = PBXFileReference; fileEncoding = 4; lastKnownFileType = sourcecode.swift; path = SpotDatum.swift; sourceTree = "<group>"; };
		5340941E1C7F0521005329D4 /* GotOnButton.swift */ = {isa = PBXFileReference; fileEncoding = 4; lastKnownFileType = sourcecode.swift; path = GotOnButton.swift; sourceTree = "<group>"; };
		53596DF21C7F99BD006FF8D2 /* BusStops.swift */ = {isa = PBXFileReference; fileEncoding = 4; lastKnownFileType = sourcecode.swift; path = BusStops.swift; sourceTree = "<group>"; };
		53596DF41C7FBE91006FF8D2 /* BusStopAnnotationView.swift */ = {isa = PBXFileReference; fileEncoding = 4; lastKnownFileType = sourcecode.swift; path = BusStopAnnotationView.swift; sourceTree = "<group>"; };
		53596E001C7FF57D006FF8D2 /* Polyline.swift */ = {isa = PBXFileReference; fileEncoding = 4; lastKnownFileType = sourcecode.swift; name = Polyline.swift; path = vendor/Polyline.swift; sourceTree = "<group>"; };
		536619941C6C4C53003E1FD4 /* UTBusses.app */ = {isa = PBXFileReference; explicitFileType = wrapper.application; includeInIndex = 0; path = UTBusses.app; sourceTree = BUILT_PRODUCTS_DIR; };
		536619971C6C4C53003E1FD4 /* AppDelegate.swift */ = {isa = PBXFileReference; lastKnownFileType = sourcecode.swift; path = AppDelegate.swift; sourceTree = "<group>"; };
		536619991C6C4C53003E1FD4 /* ViewController.swift */ = {isa = PBXFileReference; lastKnownFileType = sourcecode.swift; path = ViewController.swift; sourceTree = "<group>"; };
		5366199C1C6C4C53003E1FD4 /* Base */ = {isa = PBXFileReference; lastKnownFileType = file.storyboard; name = Base; path = Base.lproj/Main.storyboard; sourceTree = "<group>"; };
		5366199E1C6C4C53003E1FD4 /* Assets.xcassets */ = {isa = PBXFileReference; lastKnownFileType = folder.assetcatalog; path = Assets.xcassets; sourceTree = "<group>"; };
		536619A11C6C4C53003E1FD4 /* Base */ = {isa = PBXFileReference; lastKnownFileType = file.storyboard; name = Base; path = Base.lproj/LaunchScreen.storyboard; sourceTree = "<group>"; };
		536619A31C6C4C53003E1FD4 /* Info.plist */ = {isa = PBXFileReference; lastKnownFileType = text.plist.xml; path = Info.plist; sourceTree = "<group>"; };
		536619AD1C6C4E3A003E1FD4 /* MapViewController.swift */ = {isa = PBXFileReference; fileEncoding = 4; lastKnownFileType = sourcecode.swift; path = MapViewController.swift; sourceTree = "<group>"; };
		53A5E5801C7D286400570D8B /* UTBussesStyles.swift */ = {isa = PBXFileReference; fileEncoding = 4; lastKnownFileType = sourcecode.swift; path = UTBussesStyles.swift; sourceTree = "<group>"; };
		53A5E5831C7D3DE000570D8B /* Firebase.framework */ = {isa = PBXFileReference; lastKnownFileType = wrapper.framework; path = Firebase.framework; sourceTree = "<group>"; };
		53A5E5851C7D3E5300570D8B /* libc++.tbd */ = {isa = PBXFileReference; lastKnownFileType = "sourcecode.text-based-dylib-definition"; name = "libc++.tbd"; path = "usr/lib/libc++.tbd"; sourceTree = SDKROOT; };
		53A5E5871C7D3E6900570D8B /* libicucore.tbd */ = {isa = PBXFileReference; lastKnownFileType = "sourcecode.text-based-dylib-definition"; name = libicucore.tbd; path = usr/lib/libicucore.tbd; sourceTree = SDKROOT; };
		53A5E5891C7D3E7300570D8B /* CFNetwork.framework */ = {isa = PBXFileReference; lastKnownFileType = wrapper.framework; name = CFNetwork.framework; path = System/Library/Frameworks/CFNetwork.framework; sourceTree = SDKROOT; };
		53A5E58B1C7D3E7F00570D8B /* Security.framework */ = {isa = PBXFileReference; lastKnownFileType = wrapper.framework; name = Security.framework; path = System/Library/Frameworks/Security.framework; sourceTree = SDKROOT; };
		53A5E58D1C7D3E8700570D8B /* SystemConfiguration.framework */ = {isa = PBXFileReference; lastKnownFileType = wrapper.framework; name = SystemConfiguration.framework; path = System/Library/Frameworks/SystemConfiguration.framework; sourceTree = SDKROOT; };
		53A5E58F1C7D3F4500570D8B /* CoreLocation.framework */ = {isa = PBXFileReference; lastKnownFileType = wrapper.framework; name = CoreLocation.framework; path = System/Library/Frameworks/CoreLocation.framework; sourceTree = SDKROOT; };
		53A5E5931C7D425D00570D8B /* GeoFire.framework */ = {isa = PBXFileReference; lastKnownFileType = wrapper.framework; name = GeoFire.framework; path = vendor/GeoFire.framework; sourceTree = "<group>"; };
		53A5E5961C7D42E200570D8B /* BridgingHeader.h */ = {isa = PBXFileReference; fileEncoding = 4; lastKnownFileType = sourcecode.c.h; path = BridgingHeader.h; sourceTree = "<group>"; };
		53B7C6D81C82DF9600F33A73 /* CWStatusBarNotification.swift */ = {isa = PBXFileReference; fileEncoding = 4; lastKnownFileType = sourcecode.swift; name = CWStatusBarNotification.swift; path = vendor/CWStatusBarNotification.swift; sourceTree = "<group>"; };
		53B7C6D91C82DF9600F33A73 /* CWStatusBarNotificationUtils.swift */ = {isa = PBXFileReference; fileEncoding = 4; lastKnownFileType = sourcecode.swift; name = CWStatusBarNotificationUtils.swift; path = vendor/CWStatusBarNotificationUtils.swift; sourceTree = "<group>"; };
		53B7C6DE1C82F23000F33A73 /* CircleProgressView.swift */ = {isa = PBXFileReference; fileEncoding = 4; lastKnownFileType = sourcecode.swift; name = CircleProgressView.swift; path = vendor/CircleProgressView.swift; sourceTree = "<group>"; };
		53E2A4291C6E057D000A75B1 /* SpotAnnotation.swift */ = {isa = PBXFileReference; fileEncoding = 4; lastKnownFileType = sourcecode.swift; path = SpotAnnotation.swift; sourceTree = "<group>"; };
		53E2A42B1C6E06C9000A75B1 /* SpotAnnotationView.swift */ = {isa = PBXFileReference; fileEncoding = 4; lastKnownFileType = sourcecode.swift; path = SpotAnnotationView.swift; sourceTree = "<group>"; };
/* End PBXFileReference section */

/* Begin PBXFrameworksBuildPhase section */
		536619911C6C4C53003E1FD4 /* Frameworks */ = {
			isa = PBXFrameworksBuildPhase;
			buildActionMask = 2147483647;
			files = (
				53A5E5941C7D425D00570D8B /* GeoFire.framework in Frameworks */,
				53A5E5901C7D3F4500570D8B /* CoreLocation.framework in Frameworks */,
				53A5E58E1C7D3E8700570D8B /* SystemConfiguration.framework in Frameworks */,
				53A5E58C1C7D3E7F00570D8B /* Security.framework in Frameworks */,
				53A5E58A1C7D3E7300570D8B /* CFNetwork.framework in Frameworks */,
				53A5E5881C7D3E6900570D8B /* libicucore.tbd in Frameworks */,
				53A5E5861C7D3E5300570D8B /* libc++.tbd in Frameworks */,
				53A5E5841C7D3DE000570D8B /* Firebase.framework in Frameworks */,
			);
			runOnlyForDeploymentPostprocessing = 0;
		};
/* End PBXFrameworksBuildPhase section */

/* Begin PBXGroup section */
		5366198B1C6C4C53003E1FD4 = {
			isa = PBXGroup;
			children = (
				53B7C6DE1C82F23000F33A73 /* CircleProgressView.swift */,
				53B7C6D81C82DF9600F33A73 /* CWStatusBarNotification.swift */,
				53B7C6D91C82DF9600F33A73 /* CWStatusBarNotificationUtils.swift */,
				53596E001C7FF57D006FF8D2 /* Polyline.swift */,
				53A5E5931C7D425D00570D8B /* GeoFire.framework */,
				53A5E58F1C7D3F4500570D8B /* CoreLocation.framework */,
				53A5E58D1C7D3E8700570D8B /* SystemConfiguration.framework */,
				53A5E58B1C7D3E7F00570D8B /* Security.framework */,
				53A5E5891C7D3E7300570D8B /* CFNetwork.framework */,
				53A5E5871C7D3E6900570D8B /* libicucore.tbd */,
				53A5E5851C7D3E5300570D8B /* libc++.tbd */,
				536619961C6C4C53003E1FD4 /* Park@Mine */,
				536619951C6C4C53003E1FD4 /* Products */,
			);
			sourceTree = "<group>";
		};
		536619951C6C4C53003E1FD4 /* Products */ = {
			isa = PBXGroup;
			children = (
				536619941C6C4C53003E1FD4 /* UTBusses.app */,
			);
			name = Products;
			sourceTree = "<group>";
		};
		536619961C6C4C53003E1FD4 /* Park@Mine */ = {
			isa = PBXGroup;
			children = (
				53A5E5821C7D3DD200570D8B /* Frameworks */,
				53A5E5801C7D286400570D8B /* UTBussesStyles.swift */,
				536619971C6C4C53003E1FD4 /* AppDelegate.swift */,
				536619991C6C4C53003E1FD4 /* ViewController.swift */,
				53596DF21C7F99BD006FF8D2 /* BusStops.swift */,
				53E2A4291C6E057D000A75B1 /* SpotAnnotation.swift */,
				53596DF41C7FBE91006FF8D2 /* BusStopAnnotationView.swift */,
				53E2A42B1C6E06C9000A75B1 /* SpotAnnotationView.swift */,
				53A5E5961C7D42E200570D8B /* BridgingHeader.h */,
				5340941E1C7F0521005329D4 /* GotOnButton.swift */,
				536619AD1C6C4E3A003E1FD4 /* MapViewController.swift */,
				53111DC21C7E6DAE00F59B8E /* SpotDatum.swift */,
				5366199B1C6C4C53003E1FD4 /* Main.storyboard */,
				5366199E1C6C4C53003E1FD4 /* Assets.xcassets */,
				536619A01C6C4C53003E1FD4 /* LaunchScreen.storyboard */,
				536619A31C6C4C53003E1FD4 /* Info.plist */,
			);
			path = "Park@Mine";
			sourceTree = "<group>";
		};
		53A5E5821C7D3DD200570D8B /* Frameworks */ = {
			isa = PBXGroup;
			children = (
				53A5E5831C7D3DE000570D8B /* Firebase.framework */,
			);
			name = Frameworks;
			sourceTree = "<group>";
		};
/* End PBXGroup section */

/* Begin PBXNativeTarget section */
		536619931C6C4C53003E1FD4 /* UTBusses */ = {
			isa = PBXNativeTarget;
			buildConfigurationList = 536619A61C6C4C53003E1FD4 /* Build configuration list for PBXNativeTarget "UTBusses" */;
			buildPhases = (
				536619901C6C4C53003E1FD4 /* Sources */,
				536619911C6C4C53003E1FD4 /* Frameworks */,
				536619921C6C4C53003E1FD4 /* Resources */,
			);
			buildRules = (
			);
			dependencies = (
			);
			name = UTBusses;
			productName = "Park@Mine";
			productReference = 536619941C6C4C53003E1FD4 /* UTBusses.app */;
			productType = "com.apple.product-type.application";
		};
/* End PBXNativeTarget section */

/* Begin PBXProject section */
		5366198C1C6C4C53003E1FD4 /* Project object */ = {
			isa = PBXProject;
			attributes = {
				LastSwiftUpdateCheck = 0720;
				LastUpgradeCheck = 0720;
				ORGANIZATIONNAME = "Sammy Yousif";
				TargetAttributes = {
					536619931C6C4C53003E1FD4 = {
						CreatedOnToolsVersion = 7.2.1;
						DevelopmentTeam = 5E7D5R7C83;
					};
				};
			};
			buildConfigurationList = 5366198F1C6C4C53003E1FD4 /* Build configuration list for PBXProject "UTBusses" */;
			compatibilityVersion = "Xcode 3.2";
			developmentRegion = English;
			hasScannedForEncodings = 0;
			knownRegions = (
				en,
				Base,
			);
			mainGroup = 5366198B1C6C4C53003E1FD4;
			productRefGroup = 536619951C6C4C53003E1FD4 /* Products */;
			projectDirPath = "";
			projectRoot = "";
			targets = (
				536619931C6C4C53003E1FD4 /* UTBusses */,
			);
		};
/* End PBXProject section */

/* Begin PBXResourcesBuildPhase section */
		536619921C6C4C53003E1FD4 /* Resources */ = {
			isa = PBXResourcesBuildPhase;
			buildActionMask = 2147483647;
			files = (
				536619A21C6C4C53003E1FD4 /* LaunchScreen.storyboard in Resources */,
				5366199F1C6C4C53003E1FD4 /* Assets.xcassets in Resources */,
				5366199D1C6C4C53003E1FD4 /* Main.storyboard in Resources */,
			);
			runOnlyForDeploymentPostprocessing = 0;
		};
/* End PBXResourcesBuildPhase section */

/* Begin PBXSourcesBuildPhase section */
		536619901C6C4C53003E1FD4 /* Sources */ = {
			isa = PBXSourcesBuildPhase;
			buildActionMask = 2147483647;
			files = (
				53A5E5971C7D431B00570D8B /* BridgingHeader.h in Sources */,
				5366199A1C6C4C53003E1FD4 /* ViewController.swift in Sources */,
				53B7C6DF1C82F23000F33A73 /* CircleProgressView.swift in Sources */,
				53E2A42C1C6E06C9000A75B1 /* SpotAnnotationView.swift in Sources */,
				53111DC31C7E6DAE00F59B8E /* SpotDatum.swift in Sources */,
				53A5E5811C7D286400570D8B /* UTBussesStyles.swift in Sources */,
				536619AE1C6C4E3A003E1FD4 /* MapViewController.swift in Sources */,
				53B7C6DB1C82DF9600F33A73 /* CWStatusBarNotificationUtils.swift in Sources */,
				53B7C6DA1C82DF9600F33A73 /* CWStatusBarNotification.swift in Sources */,
				53596DF31C7F99BD006FF8D2 /* BusStops.swift in Sources */,
				5340941F1C7F0521005329D4 /* GotOnButton.swift in Sources */,
				53596DF51C7FBE92006FF8D2 /* BusStopAnnotationView.swift in Sources */,
				53596E011C7FF57D006FF8D2 /* Polyline.swift in Sources */,
				536619981C6C4C53003E1FD4 /* AppDelegate.swift in Sources */,
				53E2A42A1C6E057D000A75B1 /* SpotAnnotation.swift in Sources */,
			);
			runOnlyForDeploymentPostprocessing = 0;
		};
/* End PBXSourcesBuildPhase section */

/* Begin PBXVariantGroup section */
		5366199B1C6C4C53003E1FD4 /* Main.storyboard */ = {
			isa = PBXVariantGroup;
			children = (
				5366199C1C6C4C53003E1FD4 /* Base */,
			);
			name = Main.storyboard;
			sourceTree = "<group>";
		};
		536619A01C6C4C53003E1FD4 /* LaunchScreen.storyboard */ = {
			isa = PBXVariantGroup;
			children = (
				536619A11C6C4C53003E1FD4 /* Base */,
			);
			name = LaunchScreen.storyboard;
			sourceTree = "<group>";
		};
/* End PBXVariantGroup section */

/* Begin XCBuildConfiguration section */
		536619A41C6C4C53003E1FD4 /* Debug */ = {
			isa = XCBuildConfiguration;
			buildSettings = {
				ALWAYS_SEARCH_USER_PATHS = NO;
				CLANG_CXX_LANGUAGE_STANDARD = "gnu++0x";
				CLANG_CXX_LIBRARY = "libc++";
				CLANG_ENABLE_MODULES = YES;
				CLANG_ENABLE_OBJC_ARC = YES;
				CLANG_WARN_BOOL_CONVERSION = YES;
				CLANG_WARN_CONSTANT_CONVERSION = YES;
				CLANG_WARN_DIRECT_OBJC_ISA_USAGE = YES_ERROR;
				CLANG_WARN_EMPTY_BODY = YES;
				CLANG_WARN_ENUM_CONVERSION = YES;
				CLANG_WARN_INT_CONVERSION = YES;
				CLANG_WARN_OBJC_ROOT_CLASS = YES_ERROR;
				CLANG_WARN_UNREACHABLE_CODE = YES;
				CLANG_WARN__DUPLICATE_METHOD_MATCH = YES;
				"CODE_SIGN_IDENTITY[sdk=iphoneos*]" = "iPhone Developer";
				COPY_PHASE_STRIP = NO;
				DEBUG_INFORMATION_FORMAT = dwarf;
				ENABLE_STRICT_OBJC_MSGSEND = YES;
				ENABLE_TESTABILITY = YES;
				GCC_C_LANGUAGE_STANDARD = gnu99;
				GCC_DYNAMIC_NO_PIC = NO;
				GCC_NO_COMMON_BLOCKS = YES;
				GCC_OPTIMIZATION_LEVEL = 0;
				GCC_PREPROCESSOR_DEFINITIONS = (
					"DEBUG=1",
					"$(inherited)",
				);
				GCC_WARN_64_TO_32_BIT_CONVERSION = YES;
				GCC_WARN_ABOUT_RETURN_TYPE = YES_ERROR;
				GCC_WARN_UNDECLARED_SELECTOR = YES;
				GCC_WARN_UNINITIALIZED_AUTOS = YES_AGGRESSIVE;
				GCC_WARN_UNUSED_FUNCTION = YES;
				GCC_WARN_UNUSED_VARIABLE = YES;
				IPHONEOS_DEPLOYMENT_TARGET = 9.2;
				MTL_ENABLE_DEBUG_INFO = YES;
				ONLY_ACTIVE_ARCH = YES;
				SDKROOT = iphoneos;
				SWIFT_OPTIMIZATION_LEVEL = "-Onone";
			};
			name = Debug;
		};
		536619A51C6C4C53003E1FD4 /* Release */ = {
			isa = XCBuildConfiguration;
			buildSettings = {
				ALWAYS_SEARCH_USER_PATHS = NO;
				CLANG_CXX_LANGUAGE_STANDARD = "gnu++0x";
				CLANG_CXX_LIBRARY = "libc++";
				CLANG_ENABLE_MODULES = YES;
				CLANG_ENABLE_OBJC_ARC = YES;
				CLANG_WARN_BOOL_CONVERSION = YES;
				CLANG_WARN_CONSTANT_CONVERSION = YES;
				CLANG_WARN_DIRECT_OBJC_ISA_USAGE = YES_ERROR;
				CLANG_WARN_EMPTY_BODY = YES;
				CLANG_WARN_ENUM_CONVERSION = YES;
				CLANG_WARN_INT_CONVERSION = YES;
				CLANG_WARN_OBJC_ROOT_CLASS = YES_ERROR;
				CLANG_WARN_UNREACHABLE_CODE = YES;
				CLANG_WARN__DUPLICATE_METHOD_MATCH = YES;
				"CODE_SIGN_IDENTITY[sdk=iphoneos*]" = "iPhone Developer";
				COPY_PHASE_STRIP = NO;
				DEBUG_INFORMATION_FORMAT = "dwarf-with-dsym";
				ENABLE_NS_ASSERTIONS = NO;
				ENABLE_STRICT_OBJC_MSGSEND = YES;
				GCC_C_LANGUAGE_STANDARD = gnu99;
				GCC_NO_COMMON_BLOCKS = YES;
				GCC_WARN_64_TO_32_BIT_CONVERSION = YES;
				GCC_WARN_ABOUT_RETURN_TYPE = YES_ERROR;
				GCC_WARN_UNDECLARED_SELECTOR = YES;
				GCC_WARN_UNINITIALIZED_AUTOS = YES_AGGRESSIVE;
				GCC_WARN_UNUSED_FUNCTION = YES;
				GCC_WARN_UNUSED_VARIABLE = YES;
				IPHONEOS_DEPLOYMENT_TARGET = 9.2;
				MTL_ENABLE_DEBUG_INFO = NO;
				SDKROOT = iphoneos;
				VALIDATE_PRODUCT = YES;
			};
			name = Release;
		};
		536619A71C6C4C53003E1FD4 /* Debug */ = {
			isa = XCBuildConfiguration;
			buildSettings = {
				ASSETCATALOG_COMPILER_APPICON_NAME = AppIcon;
				CODE_SIGN_IDENTITY = "iPhone Developer";
				ENABLE_BITCODE = NO;
				FRAMEWORK_SEARCH_PATHS = (
					"$(inherited)",
					"$(PROJECT_DIR)/Park@Mine",
					"$(PROJECT_DIR)/vendor",
				);
				INFOPLIST_FILE = "Park@Mine/Info.plist";
				IPHONEOS_DEPLOYMENT_TARGET = 9.0;
				LD_RUNPATH_SEARCH_PATHS = "$(inherited) @executable_path/Frameworks";
				PRODUCT_BUNDLE_IDENTIFIER = me.syousif.UTBusses;
				PRODUCT_NAME = UTBusses;
				SWIFT_OBJC_BRIDGING_HEADER = "Park@Mine/BridgingHeader.h";
			};
			name = Debug;
		};
		536619A81C6C4C53003E1FD4 /* Release */ = {
			isa = XCBuildConfiguration;
			buildSettings = {
				ASSETCATALOG_COMPILER_APPICON_NAME = AppIcon;
				CODE_SIGN_IDENTITY = "iPhone Developer";
				ENABLE_BITCODE = NO;
				FRAMEWORK_SEARCH_PATHS = (
					"$(inherited)",
					"$(PROJECT_DIR)/Park@Mine",
					"$(PROJECT_DIR)/vendor",
				);
				INFOPLIST_FILE = "Park@Mine/Info.plist";
				IPHONEOS_DEPLOYMENT_TARGET = 9.0;
				LD_RUNPATH_SEARCH_PATHS = "$(inherited) @executable_path/Frameworks";
				PRODUCT_BUNDLE_IDENTIFIER = me.syousif.UTBusses;
				PRODUCT_NAME = UTBusses;
				SWIFT_OBJC_BRIDGING_HEADER = "Park@Mine/BridgingHeader.h";
			};
			name = Release;
		};
/* End XCBuildConfiguration section */

/* Begin XCConfigurationList section */
		5366198F1C6C4C53003E1FD4 /* Build configuration list for PBXProject "UTBusses" */ = {
			isa = XCConfigurationList;
			buildConfigurations = (
				536619A41C6C4C53003E1FD4 /* Debug */,
				536619A51C6C4C53003E1FD4 /* Release */,
			);
			defaultConfigurationIsVisible = 0;
			defaultConfigurationName = Release;
		};
		536619A61C6C4C53003E1FD4 /* Build configuration list for PBXNativeTarget "UTBusses" */ = {
			isa = XCConfigurationList;
			buildConfigurations = (
				536619A71C6C4C53003E1FD4 /* Debug */,
				536619A81C6C4C53003E1FD4 /* Release */,
			);
			defaultConfigurationIsVisible = 0;
			defaultConfigurationName = Release;
		};
/* End XCConfigurationList section */
	};
	rootObject = 5366198C1C6C4C53003E1FD4 /* Project object */;
}
